
Microsoft Visual Studio Solution File, Format Version 12.00
# Visual Studio 15
VisualStudioVersion = 15.0.27428.2005
MinimumVisualStudioVersion = 10.0.40219.1
Project("{FAE04EC0-301F-11D3-BF4B-00C04F79EFBC}") = "GraphColoring", "GraphColoring\GraphColoring.csproj", "{277C6724-5AFC-4193-83D6-781BA6C4A07F}"
EndProject
Project("{FAE04EC0-301F-11D3-BF4B-00C04F79EFBC}") = "AI", "AI\AI.csproj", "{B1594EDA-34A4-4748-A2FB-1F8709303082}"
EndProject
Global
	GlobalSection(SolutionConfigurationPlatforms) = preSolution
		Debug|Any CPU = Debug|Any CPU
		Release|Any CPU = Release|Any CPU
	EndGlobalSection
	GlobalSection(ProjectConfigurationPlatforms) = postSolution
		{277C6724-5AFC-4193-83D6-781BA6C4A07F}.Debug|Any CPU.ActiveCfg = Debug|Any CPU
		{277C6724-5AFC-4193-83D6-781BA6C4A07F}.Debug|Any CPU.Build.0 = Debug|Any CPU
		{277C6724-5AFC-4193-83D6-781BA6C4A07F}.Release|Any CPU.ActiveCfg = Release|Any CPU
		{277C6724-5AFC-4193-83D6-781BA6C4A07F}.Release|Any CPU.Build.0 = Release|Any CPU
		{B1594EDA-34A4-4748-A2FB-1F8709303082}.Debug|Any CPU.ActiveCfg = Debug|Any CPU
		{B1594EDA-34A4-4748-A2FB-1F8709303082}.Debug|Any CPU.Build.0 = Debug|Any CPU
		{B1594EDA-34A4-4748-A2FB-1F8709303082}.Release|Any CPU.ActiveCfg = Release|Any CPU
		{B1594EDA-34A4-4748-A2FB-1F8709303082}.Release|Any CPU.Build.0 = Release|Any CPU
	EndGlobalSection
	GlobalSection(SolutionProperties) = preSolution
		HideSolutionNode = FALSE
	EndGlobalSection
	GlobalSection(ExtensibilityGlobals) = postSolution
		SolutionGuid = {C8C1A752-2BCA-4A92-912C-BD79D675CFAE}
	EndGlobalSection
EndGlobal
